
Microsoft Visual Studio Solution File, Format Version 12.00
# Visual Studio Version 17
VisualStudioVersion = 17.11.35327.3
MinimumVisualStudioVersion = 10.0.40219.1
Project("{FAE04EC0-301F-11D3-BF4B-00C04F79EFBC}") = "Prototype 1.1", "Prototype 1.1.csproj", "{227FE626-F1BC-4C06-8CEC-DDAD6F196A2E}"
EndProject
Global
	GlobalSection(SolutionConfigurationPlatforms) = preSolution
		Debug|Any CPU = Debug|Any CPU
		Release|Any CPU = Release|Any CPU
	EndGlobalSection
	GlobalSection(ProjectConfigurationPlatforms) = postSolution
		{227FE626-F1BC-4C06-8CEC-DDAD6F196A2E}.Debug|Any CPU.ActiveCfg = Debug|Any CPU
		{227FE626-F1BC-4C06-8CEC-DDAD6F196A2E}.Debug|Any CPU.Build.0 = Debug|Any CPU
		{227FE626-F1BC-4C06-8CEC-DDAD6F196A2E}.Release|Any CPU.ActiveCfg = Release|Any CPU
		{227FE626-F1BC-4C06-8CEC-DDAD6F196A2E}.Release|Any CPU.Build.0 = Release|Any CPU
	EndGlobalSection
	GlobalSection(SolutionProperties) = preSolution
		HideSolutionNode = FALSE
	EndGlobalSection
	GlobalSection(ExtensibilityGlobals) = postSolution
		SolutionGuid = {03DC6DE5-8E30-40D5-B65C-30C82A0122B6}
	EndGlobalSection
EndGlobal
